Microsoft Visual Studio Solution File, Format Version 12.00
# Visual Studio Version 17
VisualStudioVersion = 17.5.2.0
MinimumVisualStudioVersion = 10.0.40219.1
Project("{FAE04EC0-301F-11D3-BF4B-00C04F79EFBC}") = "HawksoftDataSync", "HawksoftDataSync.csproj", "{F1B35887-04FB-B94C-7EFB-B822DCCD0E8E}"
EndProject
Global
	GlobalSection(SolutionConfigurationPlatforms) = preSolution
		Debug|Any CPU = Debug|Any CPU
		Release|Any CPU = Release|Any CPU
	EndGlobalSection
	GlobalSection(ProjectConfigurationPlatforms) = postSolution
		{F1B35887-04FB-B94C-7EFB-B822DCCD0E8E}.Debug|Any CPU.ActiveCfg = Debug|Any CPU
		{F1B35887-04FB-B94C-7EFB-B822DCCD0E8E}.Debug|Any CPU.Build.0 = Debug|Any CPU
		{F1B35887-04FB-B94C-7EFB-B822DCCD0E8E}.Release|Any CPU.ActiveCfg = Release|Any CPU
		{F1B35887-04FB-B94C-7EFB-B822DCCD0E8E}.Release|Any CPU.Build.0 = Release|Any CPU
	EndGlobalSection
	GlobalSection(SolutionProperties) = preSolution
		HideSolutionNode = FALSE
	EndGlobalSection
	GlobalSection(ExtensibilityGlobals) = postSolution
		SolutionGuid = {BCF75C1B-C2B8-4E3D-8D53-999E8D4D2F1E}
	EndGlobalSection
EndGlobal
